// !$*UTF8*$!
{
	archiveVersion = 1;
	classes = {
	};
	objectVersion = 50;
	objects = {

/* Begin PBXBuildFile section */
		157BF05F2371F8E900EC7E8A /* AlunoViewController.swift in Sources */ = {isa = PBXBuildFile; fileRef = 157BF05E2371F8E900EC7E8A /* AlunoViewController.swift */; };
		158B3E342357D53200E1A7E4 /* CoreData.framework in Frameworks */ = {isa = PBXBuildFile; fileRef = 158B3E332357D53200E1A7E4 /* CoreData.framework */; };
		158B3E372357D6E200E1A7E4 /* appIOS.xcdatamodeld in Sources */ = {isa = PBXBuildFile; fileRef = 158B3E352357D6E200E1A7E4 /* appIOS.xcdatamodeld */; };
		158B3E392357DD1200E1A7E4 /* CursosViewController.swift in Sources */ = {isa = PBXBuildFile; fileRef = 158B3E382357DD1200E1A7E4 /* CursosViewController.swift */; };
		158B3E3B2357DD2500E1A7E4 /* AlunosViewController.swift in Sources */ = {isa = PBXBuildFile; fileRef = 158B3E3A2357DD2500E1A7E4 /* AlunosViewController.swift */; };
		158F8E142362346D001A84E1 /* CursoViewController.swift in Sources */ = {isa = PBXBuildFile; fileRef = 158F8E132362346D001A84E1 /* CursoViewController.swift */; };
		15AB0CB0235A354800D80EED /* Aluno+CoreDataClass.swift in Sources */ = {isa = PBXBuildFile; fileRef = 15AB0CAC235A354800D80EED /* Aluno+CoreDataClass.swift */; };
		15AB0CB1235A354800D80EED /* Aluno+CoreDataProperties.swift in Sources */ = {isa = PBXBuildFile; fileRef = 15AB0CAD235A354800D80EED /* Aluno+CoreDataProperties.swift */; };
		15AB0CB2235A354800D80EED /* Curso+CoreDataClass.swift in Sources */ = {isa = PBXBuildFile; fileRef = 15AB0CAE235A354800D80EED /* Curso+CoreDataClass.swift */; };
		15AB0CB3235A354800D80EED /* Curso+CoreDataProperties.swift in Sources */ = {isa = PBXBuildFile; fileRef = 15AB0CAF235A354800D80EED /* Curso+CoreDataProperties.swift */; };
		867F4EA8232C5366000F7C4F /* AppDelegate.swift in Sources */ = {isa = PBXBuildFile; fileRef = 867F4EA7232C5366000F7C4F /* AppDelegate.swift */; };
		867F4EAA232C5366000F7C4F /* ViewController.swift in Sources */ = {isa = PBXBuildFile; fileRef = 867F4EA9232C5366000F7C4F /* ViewController.swift */; };
		867F4EAD232C5366000F7C4F /* Main.storyboard in Resources */ = {isa = PBXBuildFile; fileRef = 867F4EAB232C5366000F7C4F /* Main.storyboard */; };
		867F4EAF232C5369000F7C4F /* Assets.xcassets in Resources */ = {isa = PBXBuildFile; fileRef = 867F4EAE232C5369000F7C4F /* Assets.xcassets */; };
		867F4EB2232C5369000F7C4F /* LaunchScreen.storyboard in Resources */ = {isa = PBXBuildFile; fileRef = 867F4EB0232C5369000F7C4F /* LaunchScreen.storyboard */; };
		867F4EBA232C59A9000F7C4F /* CURSOS.png in Resources */ = {isa = PBXBuildFile; fileRef = 867F4EB9232C59A9000F7C4F /* CURSOS.png */; };
		867F4EBE232C5A13000F7C4F /* ALUNOS.png in Resources */ = {isa = PBXBuildFile; fileRef = 867F4EBC232C5A12000F7C4F /* ALUNOS.png */; };
		867F4EBF232C5A13000F7C4F /* if_logo.jpg in Resources */ = {isa = PBXBuildFile; fileRef = 867F4EBD232C5A13000F7C4F /* if_logo.jpg */; };
/* End PBXBuildFile section */

/* Begin PBXFileReference section */
		157BF05E2371F8E900EC7E8A /* AlunoViewController.swift */ = {isa = PBXFileReference; lastKnownFileType = sourcecode.swift; path = AlunoViewController.swift; sourceTree = "<group>"; };
		158B3E332357D53200E1A7E4 /* CoreData.framework */ = {isa = PBXFileReference; lastKnownFileType = wrapper.framework; name = CoreData.framework; path = System/Library/Frameworks/CoreData.framework; sourceTree = SDKROOT; };
		158B3E362357D6E200E1A7E4 /* model.xcdatamodel */ = {isa = PBXFileReference; lastKnownFileType = wrapper.xcdatamodel; path = model.xcdatamodel; sourceTree = "<group>"; };
		158B3E382357DD1200E1A7E4 /* CursosViewController.swift */ = {isa = PBXFileReference; lastKnownFileType = sourcecode.swift; path = CursosViewController.swift; sourceTree = "<group>"; };
		158B3E3A2357DD2500E1A7E4 /* AlunosViewController.swift */ = {isa = PBXFileReference; lastKnownFileType = sourcecode.swift; path = AlunosViewController.swift; sourceTree = "<group>"; };
		158F8E132362346D001A84E1 /* CursoViewController.swift */ = {isa = PBXFileReference; lastKnownFileType = sourcecode.swift; path = CursoViewController.swift; sourceTree = "<group>"; };
		15AB0CAC235A354800D80EED /* Aluno+CoreDataClass.swift */ = {isa = PBXFileReference; lastKnownFileType = sourcecode.swift; path = "Aluno+CoreDataClass.swift"; sourceTree = "<group>"; };
		15AB0CAD235A354800D80EED /* Aluno+CoreDataProperties.swift */ = {isa = PBXFileReference; lastKnownFileType = sourcecode.swift; path = "Aluno+CoreDataProperties.swift"; sourceTree = "<group>"; };
		15AB0CAE235A354800D80EED /* Curso+CoreDataClass.swift */ = {isa = PBXFileReference; lastKnownFileType = sourcecode.swift; path = "Curso+CoreDataClass.swift"; sourceTree = "<group>"; };
		15AB0CAF235A354800D80EED /* Curso+CoreDataProperties.swift */ = {isa = PBXFileReference; lastKnownFileType = sourcecode.swift; path = "Curso+CoreDataProperties.swift"; sourceTree = "<group>"; };
		867F4EA4232C5366000F7C4F /* AppIOS.app */ = {isa = PBXFileReference; explicitFileType = wrapper.application; includeInIndex = 0; path = AppIOS.app; sourceTree = BUILT_PRODUCTS_DIR; };
		867F4EA7232C5366000F7C4F /* AppDelegate.swift */ = {isa = PBXFileReference; lastKnownFileType = sourcecode.swift; path = AppDelegate.swift; sourceTree = "<group>"; };
		867F4EA9232C5366000F7C4F /* ViewController.swift */ = {isa = PBXFileReference; lastKnownFileType = sourcecode.swift; path = ViewController.swift; sourceTree = "<group>"; };
		867F4EAC232C5366000F7C4F /* Base */ = {isa = PBXFileReference; lastKnownFileType = file.storyboard; name = Base; path = Base.lproj/Main.storyboard; sourceTree = "<group>"; };
		867F4EAE232C5369000F7C4F /* Assets.xcassets */ = {isa = PBXFileReference; lastKnownFileType = folder.assetcatalog; path = Assets.xcassets; sourceTree = "<group>"; };
		867F4EB1232C5369000F7C4F /* Base */ = {isa = PBXFileReference; lastKnownFileType = file.storyboard; name = Base; path = Base.lproj/LaunchScreen.storyboard; sourceTree = "<group>"; };
		867F4EB3232C5369000F7C4F /* Info.plist */ = {isa = PBXFileReference; lastKnownFileType = text.plist.xml; path = Info.plist; sourceTree = "<group>"; };
		867F4EB9232C59A9000F7C4F /* CURSOS.png */ = {isa = PBXFileReference; lastKnownFileType = image.png; path = CURSOS.png; sourceTree = "<group>"; };
		867F4EBC232C5A12000F7C4F /* ALUNOS.png */ = {isa = PBXFileReference; lastKnownFileType = image.png; path = ALUNOS.png; sourceTree = "<group>"; };
		867F4EBD232C5A13000F7C4F /* if_logo.jpg */ = {isa = PBXFileReference; lastKnownFileType = image.jpeg; path = if_logo.jpg; sourceTree = "<group>"; };
/* End PBXFileReference section */

/* Begin PBXFrameworksBuildPhase section */
		867F4EA1232C5366000F7C4F /* Frameworks */ = {
			isa = PBXFrameworksBuildPhase;
			buildActionMask = 2147483647;
			files = (
				158B3E342357D53200E1A7E4 /* CoreData.framework in Frameworks */,
			);
			runOnlyForDeploymentPostprocessing = 0;
		};
/* End PBXFrameworksBuildPhase section */

/* Begin PBXGroup section */
		157BF0602371F8F900EC7E8A /* Data */ = {
			isa = PBXGroup;
			children = (
				15AB0CAC235A354800D80EED /* Aluno+CoreDataClass.swift */,
				15AB0CAD235A354800D80EED /* Aluno+CoreDataProperties.swift */,
				15AB0CAE235A354800D80EED /* Curso+CoreDataClass.swift */,
				15AB0CAF235A354800D80EED /* Curso+CoreDataProperties.swift */,
			);
			path = Data;
			sourceTree = "<group>";
		};
		157BF0612371F93200EC7E8A /* Views */ = {
			isa = PBXGroup;
			children = (
				867F4EA9232C5366000F7C4F /* ViewController.swift */,
				158B3E382357DD1200E1A7E4 /* CursosViewController.swift */,
				158B3E3A2357DD2500E1A7E4 /* AlunosViewController.swift */,
				158F8E132362346D001A84E1 /* CursoViewController.swift */,
				157BF05E2371F8E900EC7E8A /* AlunoViewController.swift */,
			);
			path = Views;
			sourceTree = "<group>";
		};
		158B3E322357D53200E1A7E4 /* Frameworks */ = {
			isa = PBXGroup;
			children = (
				158B3E332357D53200E1A7E4 /* CoreData.framework */,
			);
			name = Frameworks;
			sourceTree = "<group>";
		};
		867F4E9B232C5366000F7C4F = {
			isa = PBXGroup;
			children = (
				867F4EA6232C5366000F7C4F /* AppIOS */,
				867F4EA5232C5366000F7C4F /* Products */,
				158B3E322357D53200E1A7E4 /* Frameworks */,
			);
			sourceTree = "<group>";
		};
		867F4EA5232C5366000F7C4F /* Products */ = {
			isa = PBXGroup;
			children = (
				867F4EA4232C5366000F7C4F /* AppIOS.app */,
			);
			name = Products;
			sourceTree = "<group>";
		};
		867F4EA6232C5366000F7C4F /* AppIOS */ = {
			isa = PBXGroup;
			children = (
				157BF0612371F93200EC7E8A /* Views */,
				157BF0602371F8F900EC7E8A /* Data */,
				867F4EBB232C59E5000F7C4F /* imagens */,
				867F4EA7232C5366000F7C4F /* AppDelegate.swift */,
				867F4EAB232C5366000F7C4F /* Main.storyboard */,
				867F4EAE232C5369000F7C4F /* Assets.xcassets */,
				867F4EB0232C5369000F7C4F /* LaunchScreen.storyboard */,
				867F4EB3232C5369000F7C4F /* Info.plist */,
				158B3E352357D6E200E1A7E4 /* appIOS.xcdatamodeld */,
			);
			path = AppIOS;
			sourceTree = "<group>";
		};
		867F4EBB232C59E5000F7C4F /* imagens */ = {
			isa = PBXGroup;
			children = (
				867F4EBC232C5A12000F7C4F /* ALUNOS.png */,
				867F4EBD232C5A13000F7C4F /* if_logo.jpg */,
				867F4EB9232C59A9000F7C4F /* CURSOS.png */,
			);
			path = imagens;
			sourceTree = "<group>";
		};
/* End PBXGroup section */

/* Begin PBXNativeTarget section */
		867F4EA3232C5366000F7C4F /* AppIOS */ = {
			isa = PBXNativeTarget;
			buildConfigurationList = 867F4EB6232C5369000F7C4F /* Build configuration list for PBXNativeTarget "AppIOS" */;
			buildPhases = (
				867F4EA0232C5366000F7C4F /* Sources */,
				867F4EA1232C5366000F7C4F /* Frameworks */,
				867F4EA2232C5366000F7C4F /* Resources */,
			);
			buildRules = (
			);
			dependencies = (
			);
			name = AppIOS;
			productName = AppIOS;
			productReference = 867F4EA4232C5366000F7C4F /* AppIOS.app */;
			productType = "com.apple.product-type.application";
		};
/* End PBXNativeTarget section */

/* Begin PBXProject section */
		867F4E9C232C5366000F7C4F /* Project object */ = {
			isa = PBXProject;
			attributes = {
				LastSwiftUpdateCheck = 0940;
				LastUpgradeCheck = 0940;
				ORGANIZATIONNAME = pos;
				TargetAttributes = {
					867F4EA3232C5366000F7C4F = {
						CreatedOnToolsVersion = 9.4.1;
						LastSwiftMigration = 1030;
					};
				};
			};
			buildConfigurationList = 867F4E9F232C5366000F7C4F /* Build configuration list for PBXProject "AppIOS" */;
			compatibilityVersion = "Xcode 9.3";
			developmentRegion = en;
			hasScannedForEncodings = 0;
			knownRegions = (
				en,
				Base,
			);
			mainGroup = 867F4E9B232C5366000F7C4F;
			productRefGroup = 867F4EA5232C5366000F7C4F /* Products */;
			projectDirPath = "";
			projectRoot = "";
			targets = (
				867F4EA3232C5366000F7C4F /* AppIOS */,
			);
		};
/* End PBXProject section */

/* Begin PBXResourcesBuildPhase section */
		867F4EA2232C5366000F7C4F /* Resources */ = {
			isa = PBXResourcesBuildPhase;
			buildActionMask = 2147483647;
			files = (
				867F4EBA232C59A9000F7C4F /* CURSOS.png in Resources */,
				867F4EB2232C5369000F7C4F /* LaunchScreen.storyboard in Resources */,
				867F4EAF232C5369000F7C4F /* Assets.xcassets in Resources */,
				867F4EBF232C5A13000F7C4F /* if_logo.jpg in Resources */,
				867F4EBE232C5A13000F7C4F /* ALUNOS.png in Resources */,
				867F4EAD232C5366000F7C4F /* Main.storyboard in Resources */,
			);
			runOnlyForDeploymentPostprocessing = 0;
		};
/* End PBXResourcesBuildPhase section */

/* Begin PBXSourcesBuildPhase section */
		867F4EA0232C5366000F7C4F /* Sources */ = {
			isa = PBXSourcesBuildPhase;
			buildActionMask = 2147483647;
			files = (
				867F4EAA232C5366000F7C4F /* ViewController.swift in Sources */,
				158F8E142362346D001A84E1 /* CursoViewController.swift in Sources */,
				15AB0CB1235A354800D80EED /* Aluno+CoreDataProperties.swift in Sources */,
				157BF05F2371F8E900EC7E8A /* AlunoViewController.swift in Sources */,
				158B3E3B2357DD2500E1A7E4 /* AlunosViewController.swift in Sources */,
				867F4EA8232C5366000F7C4F /* AppDelegate.swift in Sources */,
				15AB0CB2235A354800D80EED /* Curso+CoreDataClass.swift in Sources */,
				15AB0CB3235A354800D80EED /* Curso+CoreDataProperties.swift in Sources */,
				158B3E372357D6E200E1A7E4 /* appIOS.xcdatamodeld in Sources */,
				158B3E392357DD1200E1A7E4 /* CursosViewController.swift in Sources */,
				15AB0CB0235A354800D80EED /* Aluno+CoreDataClass.swift in Sources */,
			);
			runOnlyForDeploymentPostprocessing = 0;
		};
/* End PBXSourcesBuildPhase section */

/* Begin PBXVariantGroup section */
		867F4EAB232C5366000F7C4F /* Main.storyboard */ = {
			isa = PBXVariantGroup;
			children = (
				867F4EAC232C5366000F7C4F /* Base */,
			);
			name = Main.storyboard;
			sourceTree = "<group>";
		};
		867F4EB0232C5369000F7C4F /* LaunchScreen.storyboard */ = {
			isa = PBXVariantGroup;
			children = (
				867F4EB1232C5369000F7C4F /* Base */,
			);
			name = LaunchScreen.storyboard;
			sourceTree = "<group>";
		};
/* End PBXVariantGroup section */

/* Begin XCBuildConfiguration section */
		867F4EB4232C5369000F7C4F /* Debug */ = {
			isa = XCBuildConfiguration;
			buildSettings = {
				ALWAYS_SEARCH_USER_PATHS = NO;
				CLANG_ANALYZER_NONNULL = YES;
				CLANG_ANALYZER_NUMBER_OBJECT_CONVERSION = YES_AGGRESSIVE;
				CLANG_CXX_LANGUAGE_STANDARD = "gnu++14";
				CLANG_CXX_LIBRARY = "libc++";
				CLANG_ENABLE_MODULES = YES;
				CLANG_ENABLE_OBJC_ARC = YES;
				CLANG_ENABLE_OBJC_WEAK = YES;
				CLANG_WARN_BLOCK_CAPTURE_AUTORELEASING = YES;
				CLANG_WARN_BOOL_CONVERSION = YES;
				CLANG_WARN_COMMA = YES;
				CLANG_WARN_CONSTANT_CONVERSION = YES;
				CLANG_WARN_DEPRECATED_OBJC_IMPLEMENTATIONS = YES;
				CLANG_WARN_DIRECT_OBJC_ISA_USAGE = YES_ERROR;
				CLANG_WARN_DOCUMENTATION_COMMENTS = YES;
				CLANG_WARN_EMPTY_BODY = YES;
				CLANG_WARN_ENUM_CONVERSION = YES;
				CLANG_WARN_INFINITE_RECURSION = YES;
				CLANG_WARN_INT_CONVERSION = YES;
				CLANG_WARN_NON_LITERAL_NULL_CONVERSION = YES;
				CLANG_WARN_OBJC_IMPLICIT_RETAIN_SELF = YES;
				CLANG_WARN_OBJC_LITERAL_CONVERSION = YES;
				CLANG_WARN_OBJC_ROOT_CLASS = YES_ERROR;
				CLANG_WARN_RANGE_LOOP_ANALYSIS = YES;
				CLANG_WARN_STRICT_PROTOTYPES = YES;
				CLANG_WARN_SUSPICIOUS_MOVE = YES;
				CLANG_WARN_UNGUARDED_AVAILABILITY = YES_AGGRESSIVE;
				CLANG_WARN_UNREACHABLE_CODE = YES;
				CLANG_WARN__DUPLICATE_METHOD_MATCH = YES;
				CODE_SIGN_IDENTITY = "iPhone Developer";
				COPY_PHASE_STRIP = NO;
				DEBUG_INFORMATION_FORMAT = dwarf;
				ENABLE_STRICT_OBJC_MSGSEND = YES;
				ENABLE_TESTABILITY = YES;
				GCC_C_LANGUAGE_STANDARD = gnu11;
				GCC_DYNAMIC_NO_PIC = NO;
				GCC_NO_COMMON_BLOCKS = YES;
				GCC_OPTIMIZATION_LEVEL = 0;
				GCC_PREPROCESSOR_DEFINITIONS = (
					"DEBUG=1",
					"$(inherited)",
				);
				GCC_WARN_64_TO_32_BIT_CONVERSION = YES;
				GCC_WARN_ABOUT_RETURN_TYPE = YES_ERROR;
				GCC_WARN_UNDECLARED_SELECTOR = YES;
				GCC_WARN_UNINITIALIZED_AUTOS = YES_AGGRESSIVE;
				GCC_WARN_UNUSED_FUNCTION = YES;
				GCC_WARN_UNUSED_VARIABLE = YES;
				IPHONEOS_DEPLOYMENT_TARGET = 11.4;
				MTL_ENABLE_DEBUG_INFO = YES;
				ONLY_ACTIVE_ARCH = YES;
				SDKROOT = iphoneos;
				SWIFT_ACTIVE_COMPILATION_CONDITIONS = DEBUG;
				SWIFT_OPTIMIZATION_LEVEL = "-Onone";
			};
			name = Debug;
		};
		867F4EB5232C5369000F7C4F /* Release */ = {
			isa = XCBuildConfiguration;
			buildSettings = {
				ALWAYS_SEARCH_USER_PATHS = NO;
				CLANG_ANALYZER_NONNULL = YES;
				CLANG_ANALYZER_NUMBER_OBJECT_CONVERSION = YES_AGGRESSIVE;
				CLANG_CXX_LANGUAGE_STANDARD = "gnu++14";
				CLANG_CXX_LIBRARY = "libc++";
				CLANG_ENABLE_MODULES = YES;
				CLANG_ENABLE_OBJC_ARC = YES;
				CLANG_ENABLE_OBJC_WEAK = YES;
				CLANG_WARN_BLOCK_CAPTURE_AUTORELEASING = YES;
				CLANG_WARN_BOOL_CONVERSION = YES;
				CLANG_WARN_COMMA = YES;
				CLANG_WARN_CONSTANT_CONVERSION = YES;
				CLANG_WARN_DEPRECATED_OBJC_IMPLEMENTATIONS = YES;
				CLANG_WARN_DIRECT_OBJC_ISA_USAGE = YES_ERROR;
				CLANG_WARN_DOCUMENTATION_COMMENTS = YES;
				CLANG_WARN_EMPTY_BODY = YES;
				CLANG_WARN_ENUM_CONVERSION = YES;
				CLANG_WARN_INFINITE_RECURSION = YES;
				CLANG_WARN_INT_CONVERSION = YES;
				CLANG_WARN_NON_LITERAL_NULL_CONVERSION = YES;
				CLANG_WARN_OBJC_IMPLICIT_RETAIN_SELF = YES;
				CLANG_WARN_OBJC_LITERAL_CONVERSION = YES;
				CLANG_WARN_OBJC_ROOT_CLASS = YES_ERROR;
				CLANG_WARN_RANGE_LOOP_ANALYSIS = YES;
				CLANG_WARN_STRICT_PROTOTYPES = YES;
				CLANG_WARN_SUSPICIOUS_MOVE = YES;
				CLANG_WARN_UNGUARDED_AVAILABILITY = YES_AGGRESSIVE;
				CLANG_WARN_UNREACHABLE_CODE = YES;
				CLANG_WARN__DUPLICATE_METHOD_MATCH = YES;
				CODE_SIGN_IDENTITY = "iPhone Developer";
				COPY_PHASE_STRIP = NO;
				DEBUG_INFORMATION_FORMAT = "dwarf-with-dsym";
				ENABLE_NS_ASSERTIONS = NO;
				ENABLE_STRICT_OBJC_MSGSEND = YES;
				GCC_C_LANGUAGE_STANDARD = gnu11;
				GCC_NO_COMMON_BLOCKS = YES;
				GCC_WARN_64_TO_32_BIT_CONVERSION = YES;
				GCC_WARN_ABOUT_RETURN_TYPE = YES_ERROR;
				GCC_WARN_UNDECLARED_SELECTOR = YES;
				GCC_WARN_UNINITIALIZED_AUTOS = YES_AGGRESSIVE;
				GCC_WARN_UNUSED_FUNCTION = YES;
				GCC_WARN_UNUSED_VARIABLE = YES;
				IPHONEOS_DEPLOYMENT_TARGET = 11.4;
				MTL_ENABLE_DEBUG_INFO = NO;
				SDKROOT = iphoneos;
				SWIFT_COMPILATION_MODE = wholemodule;
				SWIFT_OPTIMIZATION_LEVEL = "-O";
				VALIDATE_PRODUCT = YES;
			};
			name = Release;
		};
		867F4EB7232C5369000F7C4F /* Debug */ = {
			isa = XCBuildConfiguration;
			buildSettings = {
				ASSETCATALOG_COMPILER_APPICON_NAME = AppIcon;
				CODE_SIGN_STYLE = Automatic;
				DEVELOPMENT_TEAM = FMP3F6Q52C;
				INFOPLIST_FILE = AppIOS/Info.plist;
				LD_RUNPATH_SEARCH_PATHS = (
					"$(inherited)",
					"@executable_path/Frameworks",
				);
				PRODUCT_BUNDLE_IDENTIFIER = com.ifsp.edu.AppIOS;
				PRODUCT_NAME = "$(TARGET_NAME)";
				SWIFT_VERSION = 5.0;
				TARGETED_DEVICE_FAMILY = "1,2";
			};
			name = Debug;
		};
		867F4EB8232C5369000F7C4F /* Release */ = {
			isa = XCBuildConfiguration;
			buildSettings = {
				ASSETCATALOG_COMPILER_APPICON_NAME = AppIcon;
				CODE_SIGN_STYLE = Automatic;
				DEVELOPMENT_TEAM = FMP3F6Q52C;
				INFOPLIST_FILE = AppIOS/Info.plist;
				LD_RUNPATH_SEARCH_PATHS = (
					"$(inherited)",
					"@executable_path/Frameworks",
				);
				PRODUCT_BUNDLE_IDENTIFIER = com.ifsp.edu.AppIOS;
				PRODUCT_NAME = "$(TARGET_NAME)";
				SWIFT_VERSION = 5.0;
				TARGETED_DEVICE_FAMILY = "1,2";
			};
			name = Release;
		};
/* End XCBuildConfiguration section */

/* Begin XCConfigurationList section */
		867F4E9F232C5366000F7C4F /* Build configuration list for PBXProject "AppIOS" */ = {
			isa = XCConfigurationList;
			buildConfigurations = (
				867F4EB4232C5369000F7C4F /* Debug */,
				867F4EB5232C5369000F7C4F /* Release */,
			);
			defaultConfigurationIsVisible = 0;
			defaultConfigurationName = Release;
		};
		867F4EB6232C5369000F7C4F /* Build configuration list for PBXNativeTarget "AppIOS" */ = {
			isa = XCConfigurationList;
			buildConfigurations = (
				867F4EB7232C5369000F7C4F /* Debug */,
				867F4EB8232C5369000F7C4F /* Release */,
			);
			defaultConfigurationIsVisible = 0;
			defaultConfigurationName = Release;
		};
/* End XCConfigurationList section */

/* Begin XCVersionGroup section */
		158B3E352357D6E200E1A7E4 /* appIOS.xcdatamodeld */ = {
			isa = XCVersionGroup;
			children = (
				158B3E362357D6E200E1A7E4 /* model.xcdatamodel */,
			);
			currentVersion = 158B3E362357D6E200E1A7E4 /* model.xcdatamodel */;
			path = appIOS.xcdatamodeld;
			sourceTree = "<group>";
			versionGroupType = wrapper.xcdatamodel;
		};
/* End XCVersionGroup section */
	};
	rootObject = 867F4E9C232C5366000F7C4F /* Project object */;
}
